// !$*UTF8*$!
{
	archiveVersion = 1;
	classes = {
	};
	objectVersion = 77;
	objects = {

/* Begin PBXContainerItemProxy section */
		205285962D0709A8005247E8 /* PBXContainerItemProxy */ = {
			isa = PBXContainerItemProxy;
			containerPortal = 204BDA522CFFA69F003A2989 /* Project object */;
			proxyType = 1;
			remoteGlobalIDString = 204BDA592CFFA69F003A2989;
			remoteInfo = "mismangas-sdp24";
		};
/* End PBXContainerItemProxy section */

/* Begin PBXFileReference section */
		204BDA5A2CFFA69F003A2989 /* mismangas-sdp24.app */ = {isa = PBXFileReference; explicitFileType = wrapper.application; includeInIndex = 0; path = "mismangas-sdp24.app"; sourceTree = BUILT_PRODUCTS_DIR; };
		205285922D0709A8005247E8 /* mismangas-sdp24Tests.xctest */ = {isa = PBXFileReference; explicitFileType = wrapper.cfbundle; includeInIndex = 0; path = "mismangas-sdp24Tests.xctest"; sourceTree = BUILT_PRODUCTS_DIR; };
/* End PBXFileReference section */

/* Begin PBXFileSystemSynchronizedBuildFileExceptionSet section */
		204A2A792D0767CF00B886A0 /* Exceptions for "mismangas-sdp24" folder in "mismangas-sdp24Tests" target */ = {
			isa = PBXFileSystemSynchronizedBuildFileExceptionSet;
			membershipExceptions = (
				Core/Data/API/EndPoints.swift,
				Core/Data/API/Responses/ListMangasResponse.swift,
				Core/Data/API/URL.swift,
				Core/Data/DTO/AuthorDTO.swift,
				Core/Data/DTO/CollectionMangaDTO.swift,
				Core/Data/DTO/DemographicDTO.swift,
				Core/Data/DTO/GenreDTO.swift,
				Core/Data/DTO/MangaDTO.swift,
				Core/Data/DTO/ThemeDTO.swift,
				Core/Data/Network/ApiConfig.swift,
				Core/Data/Network/HeaderField.swift,
				Core/Data/Network/HTTPMethod.swift,
				Core/Data/Network/NetworkError.swift,
				Core/Data/Network/NetworkInteractor.swift,
				Core/Data/Network/URLQueryItem.swift,
				Core/Data/Network/URLRequest.swift,
				Core/Data/Network/URLSession.swift,
				Core/Data/Repositories/AuthorsRepositoryNetwork.swift,
				Core/Data/Repositories/AuthRepositoryNetwork.swift,
				Core/Data/Repositories/CategoriesRepositoryNetwork.swift,
				Core/Data/Repositories/CollectionRepositoryDB.swift,
				Core/Data/Repositories/CollectionRepositoryNetwork.swift,
				Core/Data/Repositories/MangasRepositoryNetwork.swift,
				Core/Data/Repositories/RepositoryError.swift,
				Core/Domain/Interfaces/AuthorsRepository.swift,
				Core/Domain/Interfaces/AuthRepository.swift,
				Core/Domain/Interfaces/CategoriesRepository.swift,
				Core/Domain/Interfaces/CollectionAuthRepository.swift,
				Core/Domain/Interfaces/CollectionRepository.swift,
				Core/Domain/Interfaces/MangasRepository.swift,
				Core/Domain/Model/Author.swift,
				Core/Domain/Model/Category.swift,
				Core/Domain/Model/CategoryGroup.swift,
				Core/Domain/Model/CollectionManga.swift,
				Core/Domain/Model/CustomSearch.swift,
				Core/Domain/Model/Manga.swift,
				Core/Domain/Model/MangasResponse.swift,
				Core/Domain/Model/MangaStatus.swift,
				"Preview Content/Data/AuthorsContains.json",
				"Preview Content/Data/BestMangasMockData.json",
				"Preview Content/Data/ListAuthors.json",
				"Preview Content/Data/ListDemographics.json",
				"Preview Content/Data/ListGenres.json",
				"Preview Content/Data/ListMangasMockData.json",
				"Preview Content/Data/ListThemes.json",
				"Preview Content/Data/MangasBeginsWith.json",
				"Preview Content/Data/MangasByAuthor.json",
				"Preview Content/Data/MangasByGenre.json",
				"Preview Content/Data/MangasContains.json",
			);
			target = 205285912D0709A8005247E8 /* mismangas-sdp24Tests */;
		};
/* End PBXFileSystemSynchronizedBuildFileExceptionSet section */

/* Begin PBXFileSystemSynchronizedRootGroup section */
		204BDA5C2CFFA69F003A2989 /* mismangas-sdp24 */ = {
			isa = PBXFileSystemSynchronizedRootGroup;
			exceptions = (
				204A2A792D0767CF00B886A0 /* Exceptions for "mismangas-sdp24" folder in "mismangas-sdp24Tests" target */,
			);
			path = "mismangas-sdp24";
			sourceTree = "<group>";
		};
		205285932D0709A8005247E8 /* mismangas-sdp24Tests */ = {
			isa = PBXFileSystemSynchronizedRootGroup;
			path = "mismangas-sdp24Tests";
			sourceTree = "<group>";
		};
/* End PBXFileSystemSynchronizedRootGroup section */

/* Begin PBXFrameworksBuildPhase section */
		204BDA572CFFA69F003A2989 /* Frameworks */ = {
			isa = PBXFrameworksBuildPhase;
			buildActionMask = 2147483647;
			files = (
			);
			runOnlyForDeploymentPostprocessing = 0;
		};
		2052858F2D0709A8005247E8 /* Frameworks */ = {
			isa = PBXFrameworksBuildPhase;
			buildActionMask = 2147483647;
			files = (
			);
			runOnlyForDeploymentPostprocessing = 0;
		};
/* End PBXFrameworksBuildPhase section */

/* Begin PBXGroup section */
		204BDA512CFFA69F003A2989 = {
			isa = PBXGroup;
			children = (
				204BDA5C2CFFA69F003A2989 /* mismangas-sdp24 */,
				205285932D0709A8005247E8 /* mismangas-sdp24Tests */,
				204BDA5B2CFFA69F003A2989 /* Products */,
			);
			sourceTree = "<group>";
		};
		204BDA5B2CFFA69F003A2989 /* Products */ = {
			isa = PBXGroup;
			children = (
				204BDA5A2CFFA69F003A2989 /* mismangas-sdp24.app */,
				205285922D0709A8005247E8 /* mismangas-sdp24Tests.xctest */,
			);
			name = Products;
			sourceTree = "<group>";
		};
/* End PBXGroup section */

/* Begin PBXNativeTarget section */
		204BDA592CFFA69F003A2989 /* mismangas-sdp24 */ = {
			isa = PBXNativeTarget;
			buildConfigurationList = 204BDA682CFFA6A1003A2989 /* Build configuration list for PBXNativeTarget "mismangas-sdp24" */;
			buildPhases = (
				204BDA562CFFA69F003A2989 /* Sources */,
				204BDA572CFFA69F003A2989 /* Frameworks */,
				204BDA582CFFA69F003A2989 /* Resources */,
			);
			buildRules = (
			);
			dependencies = (
			);
			fileSystemSynchronizedGroups = (
				204BDA5C2CFFA69F003A2989 /* mismangas-sdp24 */,
			);
			name = "mismangas-sdp24";
			packageProductDependencies = (
			);
			productName = "mismangas-sdp24";
			productReference = 204BDA5A2CFFA69F003A2989 /* mismangas-sdp24.app */;
			productType = "com.apple.product-type.application";
		};
		205285912D0709A8005247E8 /* mismangas-sdp24Tests */ = {
			isa = PBXNativeTarget;
			buildConfigurationList = 205285982D0709A8005247E8 /* Build configuration list for PBXNativeTarget "mismangas-sdp24Tests" */;
			buildPhases = (
				2052858E2D0709A8005247E8 /* Sources */,
				2052858F2D0709A8005247E8 /* Frameworks */,
				205285902D0709A8005247E8 /* Resources */,
			);
			buildRules = (
			);
			dependencies = (
				205285972D0709A8005247E8 /* PBXTargetDependency */,
			);
			fileSystemSynchronizedGroups = (
				205285932D0709A8005247E8 /* mismangas-sdp24Tests */,
			);
			name = "mismangas-sdp24Tests";
			packageProductDependencies = (
			);
			productName = "mismangas-sdp24Tests";
			productReference = 205285922D0709A8005247E8 /* mismangas-sdp24Tests.xctest */;
			productType = "com.apple.product-type.bundle.unit-test";
		};
/* End PBXNativeTarget section */

/* Begin PBXProject section */
		204BDA522CFFA69F003A2989 /* Project object */ = {
			isa = PBXProject;
			attributes = {
				BuildIndependentTargetsInParallel = 1;
				LastSwiftUpdateCheck = 1610;
				LastUpgradeCheck = 1610;
				TargetAttributes = {
					204BDA592CFFA69F003A2989 = {
						CreatedOnToolsVersion = 16.1;
					};
					205285912D0709A8005247E8 = {
						CreatedOnToolsVersion = 16.1;
						TestTargetID = 204BDA592CFFA69F003A2989;
					};
				};
			};
			buildConfigurationList = 204BDA552CFFA69F003A2989 /* Build configuration list for PBXProject "mismangas-sdp24" */;
			developmentRegion = es;
			hasScannedForEncodings = 0;
			knownRegions = (
				en,
				Base,
				es,
			);
			mainGroup = 204BDA512CFFA69F003A2989;
			minimizedProjectReferenceProxies = 1;
			preferredProjectObjectVersion = 77;
			productRefGroup = 204BDA5B2CFFA69F003A2989 /* Products */;
			projectDirPath = "";
			projectRoot = "";
			targets = (
				204BDA592CFFA69F003A2989 /* mismangas-sdp24 */,
				205285912D0709A8005247E8 /* mismangas-sdp24Tests */,
			);
		};
/* End PBXProject section */

/* Begin PBXResourcesBuildPhase section */
		204BDA582CFFA69F003A2989 /* Resources */ = {
			isa = PBXResourcesBuildPhase;
			buildActionMask = 2147483647;
			files = (
			);
			runOnlyForDeploymentPostprocessing = 0;
		};
		205285902D0709A8005247E8 /* Resources */ = {
			isa = PBXResourcesBuildPhase;
			buildActionMask = 2147483647;
			files = (
			);
			runOnlyForDeploymentPostprocessing = 0;
		};
/* End PBXResourcesBuildPhase section */

/* Begin PBXSourcesBuildPhase section */
		204BDA562CFFA69F003A2989 /* Sources */ = {
			isa = PBXSourcesBuildPhase;
			buildActionMask = 2147483647;
			files = (
			);
			runOnlyForDeploymentPostprocessing = 0;
		};
		2052858E2D0709A8005247E8 /* Sources */ = {
			isa = PBXSourcesBuildPhase;
			buildActionMask = 2147483647;
			files = (
			);
			runOnlyForDeploymentPostprocessing = 0;
		};
/* End PBXSourcesBuildPhase section */

/* Begin PBXTargetDependency section */
		205285972D0709A8005247E8 /* PBXTargetDependency */ = {
			isa = PBXTargetDependency;
			target = 204BDA592CFFA69F003A2989 /* mismangas-sdp24 */;
			targetProxy = 205285962D0709A8005247E8 /* PBXContainerItemProxy */;
		};
/* End PBXTargetDependency section */

/* Begin XCBuildConfiguration section */
		204BDA662CFFA6A1003A2989 /* Debug */ = {
			isa = XCBuildConfiguration;
			buildSettings = {
				ALWAYS_SEARCH_USER_PATHS = NO;
				ASSETCATALOG_COMPILER_GENERATE_SWIFT_ASSET_SYMBOL_EXTENSIONS = YES;
				CLANG_ANALYZER_NONNULL = YES;
				CLANG_ANALYZER_NUMBER_OBJECT_CONVERSION = YES_AGGRESSIVE;
				CLANG_CXX_LANGUAGE_STANDARD = "gnu++20";
				CLANG_ENABLE_MODULES = YES;
				CLANG_ENABLE_OBJC_ARC = YES;
				CLANG_ENABLE_OBJC_WEAK = YES;
				CLANG_WARN_BLOCK_CAPTURE_AUTORELEASING = YES;
				CLANG_WARN_BOOL_CONVERSION = YES;
				CLANG_WARN_COMMA = YES;
				CLANG_WARN_CONSTANT_CONVERSION = YES;
				CLANG_WARN_DEPRECATED_OBJC_IMPLEMENTATIONS = YES;
				CLANG_WARN_DIRECT_OBJC_ISA_USAGE = YES_ERROR;
				CLANG_WARN_DOCUMENTATION_COMMENTS = YES;
				CLANG_WARN_EMPTY_BODY = YES;
				CLANG_WARN_ENUM_CONVERSION = YES;
				CLANG_WARN_INFINITE_RECURSION = YES;
				CLANG_WARN_INT_CONVERSION = YES;
				CLANG_WARN_NON_LITERAL_NULL_CONVERSION = YES;
				CLANG_WARN_OBJC_IMPLICIT_RETAIN_SELF = YES;
				CLANG_WARN_OBJC_LITERAL_CONVERSION = YES;
				CLANG_WARN_OBJC_ROOT_CLASS = YES_ERROR;
				CLANG_WARN_QUOTED_INCLUDE_IN_FRAMEWORK_HEADER = YES;
				CLANG_WARN_RANGE_LOOP_ANALYSIS = YES;
				CLANG_WARN_STRICT_PROTOTYPES = YES;
				CLANG_WARN_SUSPICIOUS_MOVE = YES;
				CLANG_WARN_UNGUARDED_AVAILABILITY = YES_AGGRESSIVE;
				CLANG_WARN_UNREACHABLE_CODE = YES;
				CLANG_WARN__DUPLICATE_METHOD_MATCH = YES;
				COPY_PHASE_STRIP = NO;
				DEBUG_INFORMATION_FORMAT = dwarf;
				ENABLE_STRICT_OBJC_MSGSEND = YES;
				ENABLE_TESTABILITY = YES;
				ENABLE_USER_SCRIPT_SANDBOXING = YES;
				GCC_C_LANGUAGE_STANDARD = gnu17;
				GCC_DYNAMIC_NO_PIC = NO;
				GCC_NO_COMMON_BLOCKS = YES;
				GCC_OPTIMIZATION_LEVEL = 0;
				GCC_PREPROCESSOR_DEFINITIONS = (
					"DEBUG=1",
					"$(inherited)",
				);
				GCC_WARN_64_TO_32_BIT_CONVERSION = YES;
				GCC_WARN_ABOUT_RETURN_TYPE = YES_ERROR;
				GCC_WARN_UNDECLARED_SELECTOR = YES;
				GCC_WARN_UNINITIALIZED_AUTOS = YES_AGGRESSIVE;
				GCC_WARN_UNUSED_FUNCTION = YES;
				GCC_WARN_UNUSED_VARIABLE = YES;
				IPHONEOS_DEPLOYMENT_TARGET = 18.1;
				LOCALIZATION_PREFERS_STRING_CATALOGS = YES;
				MTL_ENABLE_DEBUG_INFO = INCLUDE_SOURCE;
				MTL_FAST_MATH = YES;
				ONLY_ACTIVE_ARCH = YES;
				SDKROOT = iphoneos;
				SWIFT_ACTIVE_COMPILATION_CONDITIONS = "DEBUG $(inherited)";
				SWIFT_OPTIMIZATION_LEVEL = "-Onone";
			};
			name = Debug;
		};
		204BDA672CFFA6A1003A2989 /* Release */ = {
			isa = XCBuildConfiguration;
			buildSettings = {
				ALWAYS_SEARCH_USER_PATHS = NO;
				ASSETCATALOG_COMPILER_GENERATE_SWIFT_ASSET_SYMBOL_EXTENSIONS = YES;
				CLANG_ANALYZER_NONNULL = YES;
				CLANG_ANALYZER_NUMBER_OBJECT_CONVERSION = YES_AGGRESSIVE;
				CLANG_CXX_LANGUAGE_STANDARD = "gnu++20";
				CLANG_ENABLE_MODULES = YES;
				CLANG_ENABLE_OBJC_ARC = YES;
				CLANG_ENABLE_OBJC_WEAK = YES;
				CLANG_WARN_BLOCK_CAPTURE_AUTORELEASING = YES;
				CLANG_WARN_BOOL_CONVERSION = YES;
				CLANG_WARN_COMMA = YES;
				CLANG_WARN_CONSTANT_CONVERSION = YES;
				CLANG_WARN_DEPRECATED_OBJC_IMPLEMENTATIONS = YES;
				CLANG_WARN_DIRECT_OBJC_ISA_USAGE = YES_ERROR;
				CLANG_WARN_DOCUMENTATION_COMMENTS = YES;
				CLANG_WARN_EMPTY_BODY = YES;
				CLANG_WARN_ENUM_CONVERSION = YES;
				CLANG_WARN_INFINITE_RECURSION = YES;
				CLANG_WARN_INT_CONVERSION = YES;
				CLANG_WARN_NON_LITERAL_NULL_CONVERSION = YES;
				CLANG_WARN_OBJC_IMPLICIT_RETAIN_SELF = YES;
				CLANG_WARN_OBJC_LITERAL_CONVERSION = YES;
				CLANG_WARN_OBJC_ROOT_CLASS = YES_ERROR;
				CLANG_WARN_QUOTED_INCLUDE_IN_FRAMEWORK_HEADER = YES;
				CLANG_WARN_RANGE_LOOP_ANALYSIS = YES;
				CLANG_WARN_STRICT_PROTOTYPES = YES;
				CLANG_WARN_SUSPICIOUS_MOVE = YES;
				CLANG_WARN_UNGUARDED_AVAILABILITY = YES_AGGRESSIVE;
				CLANG_WARN_UNREACHABLE_CODE = YES;
				CLANG_WARN__DUPLICATE_METHOD_MATCH = YES;
				COPY_PHASE_STRIP = NO;
				DEBUG_INFORMATION_FORMAT = "dwarf-with-dsym";
				ENABLE_NS_ASSERTIONS = NO;
				ENABLE_STRICT_OBJC_MSGSEND = YES;
				ENABLE_USER_SCRIPT_SANDBOXING = YES;
				GCC_C_LANGUAGE_STANDARD = gnu17;
				GCC_NO_COMMON_BLOCKS = YES;
				GCC_WARN_64_TO_32_BIT_CONVERSION = YES;
				GCC_WARN_ABOUT_RETURN_TYPE = YES_ERROR;
				GCC_WARN_UNDECLARED_SELECTOR = YES;
				GCC_WARN_UNINITIALIZED_AUTOS = YES_AGGRESSIVE;
				GCC_WARN_UNUSED_FUNCTION = YES;
				GCC_WARN_UNUSED_VARIABLE = YES;
				IPHONEOS_DEPLOYMENT_TARGET = 18.1;
				LOCALIZATION_PREFERS_STRING_CATALOGS = YES;
				MTL_ENABLE_DEBUG_INFO = NO;
				MTL_FAST_MATH = YES;
				SDKROOT = iphoneos;
				SWIFT_COMPILATION_MODE = wholemodule;
				VALIDATE_PRODUCT = YES;
			};
			name = Release;
		};
		204BDA692CFFA6A1003A2989 /* Debug */ = {
			isa = XCBuildConfiguration;
			buildSettings = {
				ASSETCATALOG_COMPILER_APPICON_NAME = AppIcon;
				ASSETCATALOG_COMPILER_GLOBAL_ACCENT_COLOR_NAME = AccentColor;
				CODE_SIGN_STYLE = Automatic;
				CURRENT_PROJECT_VERSION = 1;
				DEVELOPMENT_ASSET_PATHS = "\"mismangas-sdp24/Preview Content\"";
				DEVELOPMENT_TEAM = 52QFGH8723;
				ENABLE_PREVIEWS = YES;
				GENERATE_INFOPLIST_FILE = YES;
				INFOPLIST_KEY_CFBundleDisplayName = "Mis Mangas";
				INFOPLIST_KEY_UIApplicationSceneManifest_Generation = YES;
				INFOPLIST_KEY_UIApplicationSupportsIndirectInputEvents = YES;
				INFOPLIST_KEY_UILaunchScreen_Generation = YES;
				INFOPLIST_KEY_UISupportedInterfaceOrientations = UIInterfaceOrientationPortrait;
				INFOPLIST_KEY_UISupportedInterfaceOrientations_iPad = "UIInterfaceOrientationLandscapeLeft UIInterfaceOrientationLandscapeRight UIInterfaceOrientationPortrait UIInterfaceOrientationPortraitUpsideDown";
				LD_RUNPATH_SEARCH_PATHS = (
					"$(inherited)",
					"@executable_path/Frameworks",
				);
				MARKETING_VERSION = 0.0.1;
				PRODUCT_BUNDLE_IDENTIFIER = "com.jmpecharroman.mismangas-sdp24";
				PRODUCT_NAME = "$(TARGET_NAME)";
				SUPPORTED_PLATFORMS = "iphoneos iphonesimulator";
				SUPPORTS_MACCATALYST = NO;
				SUPPORTS_MAC_DESIGNED_FOR_IPHONE_IPAD = NO;
				SUPPORTS_XR_DESIGNED_FOR_IPHONE_IPAD = NO;
				SWIFT_EMIT_LOC_STRINGS = YES;
				SWIFT_VERSION = 6.0;
				TARGETED_DEVICE_FAMILY = "1,2";
			};
			name = Debug;
		};
		204BDA6A2CFFA6A1003A2989 /* Release */ = {
			isa = XCBuildConfiguration;
			buildSettings = {
				ASSETCATALOG_COMPILER_APPICON_NAME = AppIcon;
				ASSETCATALOG_COMPILER_GLOBAL_ACCENT_COLOR_NAME = AccentColor;
				CODE_SIGN_STYLE = Automatic;
				CURRENT_PROJECT_VERSION = 1;
				DEVELOPMENT_ASSET_PATHS = "\"mismangas-sdp24/Preview Content\"";
				DEVELOPMENT_TEAM = 52QFGH8723;
				ENABLE_PREVIEWS = YES;
				GENERATE_INFOPLIST_FILE = YES;
				INFOPLIST_KEY_CFBundleDisplayName = "Mis Mangas";
				INFOPLIST_KEY_UIApplicationSceneManifest_Generation = YES;
				INFOPLIST_KEY_UIApplicationSupportsIndirectInputEvents = YES;
				INFOPLIST_KEY_UILaunchScreen_Generation = YES;
				INFOPLIST_KEY_UISupportedInterfaceOrientations = UIInterfaceOrientationPortrait;
				INFOPLIST_KEY_UISupportedInterfaceOrientations_iPad = "UIInterfaceOrientationLandscapeLeft UIInterfaceOrientationLandscapeRight UIInterfaceOrientationPortrait UIInterfaceOrientationPortraitUpsideDown";
				LD_RUNPATH_SEARCH_PATHS = (
					"$(inherited)",
					"@executable_path/Frameworks",
				);
				MARKETING_VERSION = 0.0.1;
				PRODUCT_BUNDLE_IDENTIFIER = "com.jmpecharroman.mismangas-sdp24";
				PRODUCT_NAME = "$(TARGET_NAME)";
				SUPPORTED_PLATFORMS = "iphoneos iphonesimulator";
				SUPPORTS_MACCATALYST = NO;
				SUPPORTS_MAC_DESIGNED_FOR_IPHONE_IPAD = NO;
				SUPPORTS_XR_DESIGNED_FOR_IPHONE_IPAD = NO;
				SWIFT_EMIT_LOC_STRINGS = YES;
				SWIFT_VERSION = 6.0;
				TARGETED_DEVICE_FAMILY = "1,2";
			};
			name = Release;
		};
		205285992D0709A8005247E8 /* Debug */ = {
			isa = XCBuildConfiguration;
			buildSettings = {
				BUNDLE_LOADER = "$(TEST_HOST)";
				CODE_SIGN_STYLE = Automatic;
				CURRENT_PROJECT_VERSION = 1;
				DEVELOPMENT_TEAM = 52QFGH8723;
				GENERATE_INFOPLIST_FILE = YES;
				MARKETING_VERSION = 1.0;
				PRODUCT_BUNDLE_IDENTIFIER = "com.jmpecharroman.mismangas-sdp24Tests";
				PRODUCT_NAME = "$(TARGET_NAME)";
				SWIFT_EMIT_LOC_STRINGS = NO;
				SWIFT_VERSION = 5.0;
				TARGETED_DEVICE_FAMILY = "1,2";
				TEST_HOST = "$(BUILT_PRODUCTS_DIR)/mismangas-sdp24.app/$(BUNDLE_EXECUTABLE_FOLDER_PATH)/mismangas-sdp24";
			};
			name = Debug;
		};
		2052859A2D0709A8005247E8 /* Release */ = {
			isa = XCBuildConfiguration;
			buildSettings = {
				BUNDLE_LOADER = "$(TEST_HOST)";
				CODE_SIGN_STYLE = Automatic;
				CURRENT_PROJECT_VERSION = 1;
				DEVELOPMENT_TEAM = 52QFGH8723;
				GENERATE_INFOPLIST_FILE = YES;
				MARKETING_VERSION = 1.0;
				PRODUCT_BUNDLE_IDENTIFIER = "com.jmpecharroman.mismangas-sdp24Tests";
				PRODUCT_NAME = "$(TARGET_NAME)";
				SWIFT_EMIT_LOC_STRINGS = NO;
				SWIFT_VERSION = 5.0;
				TARGETED_DEVICE_FAMILY = "1,2";
				TEST_HOST = "$(BUILT_PRODUCTS_DIR)/mismangas-sdp24.app/$(BUNDLE_EXECUTABLE_FOLDER_PATH)/mismangas-sdp24";
			};
			name = Release;
		};
/* End XCBuildConfiguration section */

/* Begin XCConfigurationList section */
		204BDA552CFFA69F003A2989 /* Build configuration list for PBXProject "mismangas-sdp24" */ = {
			isa = XCConfigurationList;
			buildConfigurations = (
				204BDA662CFFA6A1003A2989 /* Debug */,
				204BDA672CFFA6A1003A2989 /* Release */,
			);
			defaultConfigurationIsVisible = 0;
			defaultConfigurationName = Release;
		};
		204BDA682CFFA6A1003A2989 /* Build configuration list for PBXNativeTarget "mismangas-sdp24" */ = {
			isa = XCConfigurationList;
			buildConfigurations = (
				204BDA692CFFA6A1003A2989 /* Debug */,
				204BDA6A2CFFA6A1003A2989 /* Release */,
			);
			defaultConfigurationIsVisible = 0;
			defaultConfigurationName = Release;
		};
		205285982D0709A8005247E8 /* Build configuration list for PBXNativeTarget "mismangas-sdp24Tests" */ = {
			isa = XCConfigurationList;
			buildConfigurations = (
				205285992D0709A8005247E8 /* Debug */,
				2052859A2D0709A8005247E8 /* Release */,
			);
			defaultConfigurationIsVisible = 0;
			defaultConfigurationName = Release;
		};
/* End XCConfigurationList section */
	};
	rootObject = 204BDA522CFFA69F003A2989 /* Project object */;
}
